// !$*UTF8*$!
{
	archiveVersion = 1;
	classes = {
	};
	objectVersion = 55;
	objects = {

/* Begin PBXBuildFile section */
		457A97C927490A9F00FDCD52 /* AppDelegate.m in Sources */ = {isa = PBXBuildFile; fileRef = 457A97C827490A9F00FDCD52 /* AppDelegate.m */; };
		457A97CC27490A9F00FDCD52 /* SceneDelegate.m in Sources */ = {isa = PBXBuildFile; fileRef = 457A97CB27490A9F00FDCD52 /* SceneDelegate.m */; };
		457A97CF27490A9F00FDCD52 /* ViewController.m in Sources */ = {isa = PBXBuildFile; fileRef = 457A97CE27490A9F00FDCD52 /* ViewController.m */; };
		457A97D227490A9F00FDCD52 /* Main.storyboard in Resources */ = {isa = PBXBuildFile; fileRef = 457A97D027490A9F00FDCD52 /* Main.storyboard */; };
		457A97D427490AA100FDCD52 /* Assets.xcassets in Resources */ = {isa = PBXBuildFile; fileRef = 457A97D327490AA100FDCD52 /* Assets.xcassets */; };
		457A97D727490AA100FDCD52 /* LaunchScreen.storyboard in Resources */ = {isa = PBXBuildFile; fileRef = 457A97D527490AA100FDCD52 /* LaunchScreen.storyboard */; };
		457A97DA27490AA100FDCD52 /* main.m in Sources */ = {isa = PBXBuildFile; fileRef = 457A97D927490AA100FDCD52 /* main.m */; };
		457A97F7274917E900FDCD52 /* CharacterCustomCell.m in Sources */ = {isa = PBXBuildFile; fileRef = 457A97F5274917E900FDCD52 /* CharacterCustomCell.m */; };
		457A97F8274917E900FDCD52 /* CharacterCustomCell.xib in Resources */ = {isa = PBXBuildFile; fileRef = 457A97F6274917E900FDCD52 /* CharacterCustomCell.xib */; };
		457A97FC274A6AE600FDCD52 /* SuperHeroes.m in Sources */ = {isa = PBXBuildFile; fileRef = 457A97FB274A6AE600FDCD52 /* SuperHeroes.m */; };
		45B92E3E274B88B4009C9F90 /* DetailsController.m in Sources */ = {isa = PBXBuildFile; fileRef = 45B92E3D274B88B4009C9F90 /* DetailsController.m */; };
		45B92E41274BB20F009C9F90 /* Comics.m in Sources */ = {isa = PBXBuildFile; fileRef = 45B92E40274BB20F009C9F90 /* Comics.m */; };
		45B92E47274BD0C7009C9F90 /* ComicsCustomCell.m in Sources */ = {isa = PBXBuildFile; fileRef = 45B92E45274BD0C7009C9F90 /* ComicsCustomCell.m */; };
		45B92E48274BD0C7009C9F90 /* ComicsCustomCell.xib in Resources */ = {isa = PBXBuildFile; fileRef = 45B92E46274BD0C7009C9F90 /* ComicsCustomCell.xib */; };
		B4FB3CEB1CE380214928CD61 /* Pods_SuperHeroes.framework in Frameworks */ = {isa = PBXBuildFile; fileRef = A4133BC3A4E6FCBD4F6DDC40 /* Pods_SuperHeroes.framework */; };
/* End PBXBuildFile section */

/* Begin PBXFileReference section */
		2122E6A49C2B34A9873EA8D5 /* Pods-SuperHeroes.release.xcconfig */ = {isa = PBXFileReference; includeInIndex = 1; lastKnownFileType = text.xcconfig; name = "Pods-SuperHeroes.release.xcconfig"; path = "Target Support Files/Pods-SuperHeroes/Pods-SuperHeroes.release.xcconfig"; sourceTree = "<group>"; };
		457A97C427490A9F00FDCD52 /* SuperHeroes.app */ = {isa = PBXFileReference; explicitFileType = wrapper.application; includeInIndex = 0; path = SuperHeroes.app; sourceTree = BUILT_PRODUCTS_DIR; };
		457A97C727490A9F00FDCD52 /* AppDelegate.h */ = {isa = PBXFileReference; lastKnownFileType = sourcecode.c.h; path = AppDelegate.h; sourceTree = "<group>"; };
		457A97C827490A9F00FDCD52 /* AppDelegate.m */ = {isa = PBXFileReference; lastKnownFileType = sourcecode.c.objc; path = AppDelegate.m; sourceTree = "<group>"; };
		457A97CA27490A9F00FDCD52 /* SceneDelegate.h */ = {isa = PBXFileReference; lastKnownFileType = sourcecode.c.h; path = SceneDelegate.h; sourceTree = "<group>"; };
		457A97CB27490A9F00FDCD52 /* SceneDelegate.m */ = {isa = PBXFileReference; lastKnownFileType = sourcecode.c.objc; path = SceneDelegate.m; sourceTree = "<group>"; };
		457A97CD27490A9F00FDCD52 /* ViewController.h */ = {isa = PBXFileReference; lastKnownFileType = sourcecode.c.h; path = ViewController.h; sourceTree = "<group>"; };
		457A97CE27490A9F00FDCD52 /* ViewController.m */ = {isa = PBXFileReference; lastKnownFileType = sourcecode.c.objc; path = ViewController.m; sourceTree = "<group>"; };
		457A97D127490A9F00FDCD52 /* Base */ = {isa = PBXFileReference; lastKnownFileType = file.storyboard; name = Base; path = Base.lproj/Main.storyboard; sourceTree = "<group>"; };
		457A97D327490AA100FDCD52 /* Assets.xcassets */ = {isa = PBXFileReference; lastKnownFileType = folder.assetcatalog; path = Assets.xcassets; sourceTree = "<group>"; };
		457A97D627490AA100FDCD52 /* Base */ = {isa = PBXFileReference; lastKnownFileType = file.storyboard; name = Base; path = Base.lproj/LaunchScreen.storyboard; sourceTree = "<group>"; };
		457A97D827490AA100FDCD52 /* Info.plist */ = {isa = PBXFileReference; lastKnownFileType = text.plist.xml; path = Info.plist; sourceTree = "<group>"; };
		457A97D927490AA100FDCD52 /* main.m */ = {isa = PBXFileReference; lastKnownFileType = sourcecode.c.objc; path = main.m; sourceTree = "<group>"; };
		457A97F4274917E900FDCD52 /* CharacterCustomCell.h */ = {isa = PBXFileReference; lastKnownFileType = sourcecode.c.h; path = CharacterCustomCell.h; sourceTree = "<group>"; };
		457A97F5274917E900FDCD52 /* CharacterCustomCell.m */ = {isa = PBXFileReference; lastKnownFileType = sourcecode.c.objc; path = CharacterCustomCell.m; sourceTree = "<group>"; };
		457A97F6274917E900FDCD52 /* CharacterCustomCell.xib */ = {isa = PBXFileReference; lastKnownFileType = file.xib; path = CharacterCustomCell.xib; sourceTree = "<group>"; };
		457A97FA274A6AE600FDCD52 /* SuperHeroes.h */ = {isa = PBXFileReference; lastKnownFileType = sourcecode.c.h; path = SuperHeroes.h; sourceTree = "<group>"; };
		457A97FB274A6AE600FDCD52 /* SuperHeroes.m */ = {isa = PBXFileReference; lastKnownFileType = sourcecode.c.objc; path = SuperHeroes.m; sourceTree = "<group>"; };
		45B92E3C274B88B4009C9F90 /* DetailsController.h */ = {isa = PBXFileReference; lastKnownFileType = sourcecode.c.h; path = DetailsController.h; sourceTree = "<group>"; };
		45B92E3D274B88B4009C9F90 /* DetailsController.m */ = {isa = PBXFileReference; lastKnownFileType = sourcecode.c.objc; path = DetailsController.m; sourceTree = "<group>"; };
		45B92E3F274BB20F009C9F90 /* Comics.h */ = {isa = PBXFileReference; lastKnownFileType = sourcecode.c.h; path = Comics.h; sourceTree = "<group>"; };
		45B92E40274BB20F009C9F90 /* Comics.m */ = {isa = PBXFileReference; lastKnownFileType = sourcecode.c.objc; path = Comics.m; sourceTree = "<group>"; };
		45B92E44274BD0C7009C9F90 /* ComicsCustomCell.h */ = {isa = PBXFileReference; lastKnownFileType = sourcecode.c.h; path = ComicsCustomCell.h; sourceTree = "<group>"; };
		45B92E45274BD0C7009C9F90 /* ComicsCustomCell.m */ = {isa = PBXFileReference; lastKnownFileType = sourcecode.c.objc; path = ComicsCustomCell.m; sourceTree = "<group>"; };
		45B92E46274BD0C7009C9F90 /* ComicsCustomCell.xib */ = {isa = PBXFileReference; lastKnownFileType = file.xib; path = ComicsCustomCell.xib; sourceTree = "<group>"; };
		A4133BC3A4E6FCBD4F6DDC40 /* Pods_SuperHeroes.framework */ = {isa = PBXFileReference; explicitFileType = wrapper.framework; includeInIndex = 0; path = Pods_SuperHeroes.framework; sourceTree = BUILT_PRODUCTS_DIR; };
		DDE2C2F7771AC3630FEAA6F7 /* Pods-SuperHeroes.debug.xcconfig */ = {isa = PBXFileReference; includeInIndex = 1; lastKnownFileType = text.xcconfig; name = "Pods-SuperHeroes.debug.xcconfig"; path = "Target Support Files/Pods-SuperHeroes/Pods-SuperHeroes.debug.xcconfig"; sourceTree = "<group>"; };
/* End PBXFileReference section */

/* Begin PBXFrameworksBuildPhase section */
		457A97C127490A9F00FDCD52 /* Frameworks */ = {
			isa = PBXFrameworksBuildPhase;
			buildActionMask = 2147483647;
			files = (
				B4FB3CEB1CE380214928CD61 /* Pods_SuperHeroes.framework in Frameworks */,
			);
			runOnlyForDeploymentPostprocessing = 0;
		};
/* End PBXFrameworksBuildPhase section */

/* Begin PBXGroup section */
		457A97BB27490A9F00FDCD52 = {
			isa = PBXGroup;
			children = (
				457A97C627490A9F00FDCD52 /* SuperHeroes */,
				457A97C527490A9F00FDCD52 /* Products */,
				8E73E8E1FDDB0B632D76338E /* Pods */,
				D43AEED1684D9C315E7B6E61 /* Frameworks */,
			);
			sourceTree = "<group>";
		};
		457A97C527490A9F00FDCD52 /* Products */ = {
			isa = PBXGroup;
			children = (
				457A97C427490A9F00FDCD52 /* SuperHeroes.app */,
			);
			name = Products;
			sourceTree = "<group>";
		};
		457A97C627490A9F00FDCD52 /* SuperHeroes */ = {
			isa = PBXGroup;
			children = (
				457A97E027490DB600FDCD52 /* AppDelegate */,
				45B92E43274BB8F7009C9F90 /* Model */,
				457A97E127490DD400FDCD52 /* Controller */,
				457A97E227490E4500FDCD52 /* View */,
				457A97D327490AA100FDCD52 /* Assets.xcassets */,
				457A97D827490AA100FDCD52 /* Info.plist */,
				457A97D927490AA100FDCD52 /* main.m */,
			);
			path = SuperHeroes;
			sourceTree = "<group>";
		};
		457A97E027490DB600FDCD52 /* AppDelegate */ = {
			isa = PBXGroup;
			children = (
				457A97C727490A9F00FDCD52 /* AppDelegate.h */,
				457A97C827490A9F00FDCD52 /* AppDelegate.m */,
				457A97CA27490A9F00FDCD52 /* SceneDelegate.h */,
				457A97CB27490A9F00FDCD52 /* SceneDelegate.m */,
			);
			path = AppDelegate;
			sourceTree = "<group>";
		};
		457A97E127490DD400FDCD52 /* Controller */ = {
			isa = PBXGroup;
			children = (
				457A97CD27490A9F00FDCD52 /* ViewController.h */,
				457A97CE27490A9F00FDCD52 /* ViewController.m */,
				45B92E3C274B88B4009C9F90 /* DetailsController.h */,
				45B92E3D274B88B4009C9F90 /* DetailsController.m */,
			);
			path = Controller;
			sourceTree = "<group>";
		};
		457A97E227490E4500FDCD52 /* View */ = {
			isa = PBXGroup;
			children = (
				457A97E427490EE600FDCD52 /* GlobalCell */,
				457A97E327490E5100FDCD52 /* Storyboard */,
			);
			path = View;
			sourceTree = "<group>";
		};
		457A97E327490E5100FDCD52 /* Storyboard */ = {
			isa = PBXGroup;
			children = (
				457A97D027490A9F00FDCD52 /* Main.storyboard */,
				457A97D527490AA100FDCD52 /* LaunchScreen.storyboard */,
			);
			path = Storyboard;
			sourceTree = "<group>";
		};
		457A97E427490EE600FDCD52 /* GlobalCell */ = {
			isa = PBXGroup;
			children = (
				457A97F4274917E900FDCD52 /* CharacterCustomCell.h */,
				457A97F5274917E900FDCD52 /* CharacterCustomCell.m */,
				457A97F6274917E900FDCD52 /* CharacterCustomCell.xib */,
				45B92E44274BD0C7009C9F90 /* ComicsCustomCell.h */,
				45B92E45274BD0C7009C9F90 /* ComicsCustomCell.m */,
				45B92E46274BD0C7009C9F90 /* ComicsCustomCell.xib */,
			);
			path = GlobalCell;
			sourceTree = "<group>";
		};
		45B92E43274BB8F7009C9F90 /* Model */ = {
			isa = PBXGroup;
			children = (
				457A97FA274A6AE600FDCD52 /* SuperHeroes.h */,
				457A97FB274A6AE600FDCD52 /* SuperHeroes.m */,
				45B92E3F274BB20F009C9F90 /* Comics.h */,
				45B92E40274BB20F009C9F90 /* Comics.m */,
			);
			path = Model;
			sourceTree = "<group>";
		};
		8E73E8E1FDDB0B632D76338E /* Pods */ = {
			isa = PBXGroup;
			children = (
				DDE2C2F7771AC3630FEAA6F7 /* Pods-SuperHeroes.debug.xcconfig */,
				2122E6A49C2B34A9873EA8D5 /* Pods-SuperHeroes.release.xcconfig */,
			);
			path = Pods;
			sourceTree = "<group>";
		};
		D43AEED1684D9C315E7B6E61 /* Frameworks */ = {
			isa = PBXGroup;
			children = (
				A4133BC3A4E6FCBD4F6DDC40 /* Pods_SuperHeroes.framework */,
			);
			name = Frameworks;
			sourceTree = "<group>";
		};
/* End PBXGroup section */

/* Begin PBXNativeTarget section */
		457A97C327490A9F00FDCD52 /* SuperHeroes */ = {
			isa = PBXNativeTarget;
			buildConfigurationList = 457A97DD27490AA100FDCD52 /* Build configuration list for PBXNativeTarget "SuperHeroes" */;
			buildPhases = (
				67D6C21F6072F6F55F5962CC /* [CP] Check Pods Manifest.lock */,
				457A97C027490A9F00FDCD52 /* Sources */,
				457A97C127490A9F00FDCD52 /* Frameworks */,
				457A97C227490A9F00FDCD52 /* Resources */,
				8E0B1743FD35449791A2C4A0 /* [CP] Embed Pods Frameworks */,
			);
			buildRules = (
			);
			dependencies = (
			);
			name = SuperHeroes;
			productName = SuperHeroes;
			productReference = 457A97C427490A9F00FDCD52 /* SuperHeroes.app */;
			productType = "com.apple.product-type.application";
		};
/* End PBXNativeTarget section */

/* Begin PBXProject section */
		457A97BC27490A9F00FDCD52 /* Project object */ = {
			isa = PBXProject;
			attributes = {
				BuildIndependentTargetsInParallel = 1;
				LastUpgradeCheck = 1300;
				TargetAttributes = {
					457A97C327490A9F00FDCD52 = {
						CreatedOnToolsVersion = 13.0;
					};
				};
			};
			buildConfigurationList = 457A97BF27490A9F00FDCD52 /* Build configuration list for PBXProject "SuperHeroes" */;
			compatibilityVersion = "Xcode 13.0";
			developmentRegion = en;
			hasScannedForEncodings = 0;
			knownRegions = (
				en,
				Base,
			);
			mainGroup = 457A97BB27490A9F00FDCD52;
			productRefGroup = 457A97C527490A9F00FDCD52 /* Products */;
			projectDirPath = "";
			projectRoot = "";
			targets = (
				457A97C327490A9F00FDCD52 /* SuperHeroes */,
			);
		};
/* End PBXProject section */

/* Begin PBXResourcesBuildPhase section */
		457A97C227490A9F00FDCD52 /* Resources */ = {
			isa = PBXResourcesBuildPhase;
			buildActionMask = 2147483647;
			files = (
				457A97F8274917E900FDCD52 /* CharacterCustomCell.xib in Resources */,
				457A97D727490AA100FDCD52 /* LaunchScreen.storyboard in Resources */,
				45B92E48274BD0C7009C9F90 /* ComicsCustomCell.xib in Resources */,
				457A97D427490AA100FDCD52 /* Assets.xcassets in Resources */,
				457A97D227490A9F00FDCD52 /* Main.storyboard in Resources */,
			);
			runOnlyForDeploymentPostprocessing = 0;
		};
/* End PBXResourcesBuildPhase section */

/* Begin PBXShellScriptBuildPhase section */
		67D6C21F6072F6F55F5962CC /* [CP] Check Pods Manifest.lock */ = {
			isa = PBXShellScriptBuildPhase;
			buildActionMask = 2147483647;
			files = (
			);
			inputFileListPaths = (
			);
			inputPaths = (
				"${PODS_PODFILE_DIR_PATH}/Podfile.lock",
				"${PODS_ROOT}/Manifest.lock",
			);
			name = "[CP] Check Pods Manifest.lock";
			outputFileListPaths = (
			);
			outputPaths = (
				"$(DERIVED_FILE_DIR)/Pods-SuperHeroes-checkManifestLockResult.txt",
			);
			runOnlyForDeploymentPostprocessing = 0;
			shellPath = /bin/sh;
			shellScript = "diff \"${PODS_PODFILE_DIR_PATH}/Podfile.lock\" \"${PODS_ROOT}/Manifest.lock\" > /dev/null\nif [ $? != 0 ] ; then\n    # print error to STDERR\n    echo \"error: The sandbox is not in sync with the Podfile.lock. Run 'pod install' or update your CocoaPods installation.\" >&2\n    exit 1\nfi\n# This output is used by Xcode 'outputs' to avoid re-running this script phase.\necho \"SUCCESS\" > \"${SCRIPT_OUTPUT_FILE_0}\"\n";
			showEnvVarsInLog = 0;
		};
		8E0B1743FD35449791A2C4A0 /* [CP] Embed Pods Frameworks */ = {
			isa = PBXShellScriptBuildPhase;
			buildActionMask = 2147483647;
			files = (
			);
			inputFileListPaths = (
				"${PODS_ROOT}/Target Support Files/Pods-SuperHeroes/Pods-SuperHeroes-frameworks-${CONFIGURATION}-input-files.xcfilelist",
			);
			name = "[CP] Embed Pods Frameworks";
			outputFileListPaths = (
				"${PODS_ROOT}/Target Support Files/Pods-SuperHeroes/Pods-SuperHeroes-frameworks-${CONFIGURATION}-output-files.xcfilelist",
			);
			runOnlyForDeploymentPostprocessing = 0;
			shellPath = /bin/sh;
			shellScript = "\"${PODS_ROOT}/Target Support Files/Pods-SuperHeroes/Pods-SuperHeroes-frameworks.sh\"\n";
			showEnvVarsInLog = 0;
		};
/* End PBXShellScriptBuildPhase section */

/* Begin PBXSourcesBuildPhase section */
		457A97C027490A9F00FDCD52 /* Sources */ = {
			isa = PBXSourcesBuildPhase;
			buildActionMask = 2147483647;
			files = (
				457A97CF27490A9F00FDCD52 /* ViewController.m in Sources */,
				45B92E41274BB20F009C9F90 /* Comics.m in Sources */,
				457A97FC274A6AE600FDCD52 /* SuperHeroes.m in Sources */,
				45B92E3E274B88B4009C9F90 /* DetailsController.m in Sources */,
				45B92E47274BD0C7009C9F90 /* ComicsCustomCell.m in Sources */,
				457A97C927490A9F00FDCD52 /* AppDelegate.m in Sources */,
				457A97DA27490AA100FDCD52 /* main.m in Sources */,
				457A97CC27490A9F00FDCD52 /* SceneDelegate.m in Sources */,
				457A97F7274917E900FDCD52 /* CharacterCustomCell.m in Sources */,
			);
			runOnlyForDeploymentPostprocessing = 0;
		};
/* End PBXSourcesBuildPhase section */

/* Begin PBXVariantGroup section */
		457A97D027490A9F00FDCD52 /* Main.storyboard */ = {
			isa = PBXVariantGroup;
			children = (
				457A97D127490A9F00FDCD52 /* Base */,
			);
			name = Main.storyboard;
			sourceTree = "<group>";
		};
		457A97D527490AA100FDCD52 /* LaunchScreen.storyboard */ = {
			isa = PBXVariantGroup;
			children = (
				457A97D627490AA100FDCD52 /* Base */,
			);
			name = LaunchScreen.storyboard;
			sourceTree = "<group>";
		};
/* End PBXVariantGroup section */

/* Begin XCBuildConfiguration section */
		457A97DB27490AA100FDCD52 /* Debug */ = {
			isa = XCBuildConfiguration;
			buildSettings = {
				ALWAYS_SEARCH_USER_PATHS = NO;
				CLANG_ANALYZER_NONNULL = YES;
				CLANG_ANALYZER_NUMBER_OBJECT_CONVERSION = YES_AGGRESSIVE;
				CLANG_CXX_LANGUAGE_STANDARD = "gnu++17";
				CLANG_CXX_LIBRARY = "libc++";
				CLANG_ENABLE_MODULES = YES;
				CLANG_ENABLE_OBJC_ARC = YES;
				CLANG_ENABLE_OBJC_WEAK = YES;
				CLANG_WARN_BLOCK_CAPTURE_AUTORELEASING = YES;
				CLANG_WARN_BOOL_CONVERSION = YES;
				CLANG_WARN_COMMA = YES;
				CLANG_WARN_CONSTANT_CONVERSION = YES;
				CLANG_WARN_DEPRECATED_OBJC_IMPLEMENTATIONS = YES;
				CLANG_WARN_DIRECT_OBJC_ISA_USAGE = YES_ERROR;
				CLANG_WARN_DOCUMENTATION_COMMENTS = YES;
				CLANG_WARN_EMPTY_BODY = YES;
				CLANG_WARN_ENUM_CONVERSION = YES;
				CLANG_WARN_INFINITE_RECURSION = YES;
				CLANG_WARN_INT_CONVERSION = YES;
				CLANG_WARN_NON_LITERAL_NULL_CONVERSION = YES;
				CLANG_WARN_OBJC_IMPLICIT_RETAIN_SELF = YES;
				CLANG_WARN_OBJC_LITERAL_CONVERSION = YES;
				CLANG_WARN_OBJC_ROOT_CLASS = YES_ERROR;
				CLANG_WARN_QUOTED_INCLUDE_IN_FRAMEWORK_HEADER = YES;
				CLANG_WARN_RANGE_LOOP_ANALYSIS = YES;
				CLANG_WARN_STRICT_PROTOTYPES = YES;
				CLANG_WARN_SUSPICIOUS_MOVE = YES;
				CLANG_WARN_UNGUARDED_AVAILABILITY = YES_AGGRESSIVE;
				CLANG_WARN_UNREACHABLE_CODE = YES;
				CLANG_WARN__DUPLICATE_METHOD_MATCH = YES;
				COPY_PHASE_STRIP = NO;
				DEBUG_INFORMATION_FORMAT = dwarf;
				ENABLE_STRICT_OBJC_MSGSEND = YES;
				ENABLE_TESTABILITY = YES;
				GCC_C_LANGUAGE_STANDARD = gnu11;
				GCC_DYNAMIC_NO_PIC = NO;
				GCC_NO_COMMON_BLOCKS = YES;
				GCC_OPTIMIZATION_LEVEL = 0;
				GCC_PREPROCESSOR_DEFINITIONS = (
					"DEBUG=1",
					"$(inherited)",
				);
				GCC_WARN_64_TO_32_BIT_CONVERSION = YES;
				GCC_WARN_ABOUT_RETURN_TYPE = YES_ERROR;
				GCC_WARN_UNDECLARED_SELECTOR = YES;
				GCC_WARN_UNINITIALIZED_AUTOS = YES_AGGRESSIVE;
				GCC_WARN_UNUSED_FUNCTION = YES;
				GCC_WARN_UNUSED_VARIABLE = YES;
				IPHONEOS_DEPLOYMENT_TARGET = 15.0;
				MTL_ENABLE_DEBUG_INFO = INCLUDE_SOURCE;
				MTL_FAST_MATH = YES;
				ONLY_ACTIVE_ARCH = YES;
				SDKROOT = iphoneos;
			};
			name = Debug;
		};
		457A97DC27490AA100FDCD52 /* Release */ = {
			isa = XCBuildConfiguration;
			buildSettings = {
				ALWAYS_SEARCH_USER_PATHS = NO;
				CLANG_ANALYZER_NONNULL = YES;
				CLANG_ANALYZER_NUMBER_OBJECT_CONVERSION = YES_AGGRESSIVE;
				CLANG_CXX_LANGUAGE_STANDARD = "gnu++17";
				CLANG_CXX_LIBRARY = "libc++";
				CLANG_ENABLE_MODULES = YES;
				CLANG_ENABLE_OBJC_ARC = YES;
				CLANG_ENABLE_OBJC_WEAK = YES;
				CLANG_WARN_BLOCK_CAPTURE_AUTORELEASING = YES;
				CLANG_WARN_BOOL_CONVERSION = YES;
				CLANG_WARN_COMMA = YES;
				CLANG_WARN_CONSTANT_CONVERSION = YES;
				CLANG_WARN_DEPRECATED_OBJC_IMPLEMENTATIONS = YES;
				CLANG_WARN_DIRECT_OBJC_ISA_USAGE = YES_ERROR;
				CLANG_WARN_DOCUMENTATION_COMMENTS = YES;
				CLANG_WARN_EMPTY_BODY = YES;
				CLANG_WARN_ENUM_CONVERSION = YES;
				CLANG_WARN_INFINITE_RECURSION = YES;
				CLANG_WARN_INT_CONVERSION = YES;
				CLANG_WARN_NON_LITERAL_NULL_CONVERSION = YES;
				CLANG_WARN_OBJC_IMPLICIT_RETAIN_SELF = YES;
				CLANG_WARN_OBJC_LITERAL_CONVERSION = YES;
				CLANG_WARN_OBJC_ROOT_CLASS = YES_ERROR;
				CLANG_WARN_QUOTED_INCLUDE_IN_FRAMEWORK_HEADER = YES;
				CLANG_WARN_RANGE_LOOP_ANALYSIS = YES;
				CLANG_WARN_STRICT_PROTOTYPES = YES;
				CLANG_WARN_SUSPICIOUS_MOVE = YES;
				CLANG_WARN_UNGUARDED_AVAILABILITY = YES_AGGRESSIVE;
				CLANG_WARN_UNREACHABLE_CODE = YES;
				CLANG_WARN__DUPLICATE_METHOD_MATCH = YES;
				COPY_PHASE_STRIP = NO;
				DEBUG_INFORMATION_FORMAT = "dwarf-with-dsym";
				ENABLE_NS_ASSERTIONS = NO;
				ENABLE_STRICT_OBJC_MSGSEND = YES;
				GCC_C_LANGUAGE_STANDARD = gnu11;
				GCC_NO_COMMON_BLOCKS = YES;
				GCC_WARN_64_TO_32_BIT_CONVERSION = YES;
				GCC_WARN_ABOUT_RETURN_TYPE = YES_ERROR;
				GCC_WARN_UNDECLARED_SELECTOR = YES;
				GCC_WARN_UNINITIALIZED_AUTOS = YES_AGGRESSIVE;
				GCC_WARN_UNUSED_FUNCTION = YES;
				GCC_WARN_UNUSED_VARIABLE = YES;
				IPHONEOS_DEPLOYMENT_TARGET = 15.0;
				MTL_ENABLE_DEBUG_INFO = NO;
				MTL_FAST_MATH = YES;
				SDKROOT = iphoneos;
				VALIDATE_PRODUCT = YES;
			};
			name = Release;
		};
		457A97DE27490AA100FDCD52 /* Debug */ = {
			isa = XCBuildConfiguration;
			baseConfigurationReference = DDE2C2F7771AC3630FEAA6F7 /* Pods-SuperHeroes.debug.xcconfig */;
			buildSettings = {
				ASSETCATALOG_COMPILER_APPICON_NAME = AppIcon;
				ASSETCATALOG_COMPILER_GLOBAL_ACCENT_COLOR_NAME = AccentColor;
				CODE_SIGN_STYLE = Automatic;
				CURRENT_PROJECT_VERSION = 1;
				GENERATE_INFOPLIST_FILE = YES;
				INFOPLIST_FILE = SuperHeroes/Info.plist;
				INFOPLIST_KEY_UIApplicationSupportsIndirectInputEvents = YES;
				INFOPLIST_KEY_UILaunchStoryboardName = LaunchScreen;
				INFOPLIST_KEY_UIMainStoryboardFile = Main;
				INFOPLIST_KEY_UISupportedInterfaceOrientations_iPad = "UIInterfaceOrientationPortrait UIInterfaceOrientationPortraitUpsideDown UIInterfaceOrientationLandscapeLeft UIInterfaceOrientationLandscapeRight";
				INFOPLIST_KEY_UISupportedInterfaceOrientations_iPhone = "UIInterfaceOrientationPortrait UIInterfaceOrientationLandscapeLeft UIInterfaceOrientationLandscapeRight";
				LD_RUNPATH_SEARCH_PATHS = (
					"$(inherited)",
					"@executable_path/Frameworks",
				);
				MARKETING_VERSION = 1.0;
				PRODUCT_BUNDLE_IDENTIFIER = com.SuperHeroes.app;
				PRODUCT_NAME = "$(TARGET_NAME)";
				SWIFT_EMIT_LOC_STRINGS = YES;
				TARGETED_DEVICE_FAMILY = "1,2";
			};
			name = Debug;
		};
		457A97DF27490AA100FDCD52 /* Release */ = {
			isa = XCBuildConfiguration;
			baseConfigurationReference = 2122E6A49C2B34A9873EA8D5 /* Pods-SuperHeroes.release.xcconfig */;
			buildSettings = {
				ASSETCATALOG_COMPILER_APPICON_NAME = AppIcon;
				ASSETCATALOG_COMPILER_GLOBAL_ACCENT_COLOR_NAME = AccentColor;
				CODE_SIGN_STYLE = Automatic;
				CURRENT_PROJECT_VERSION = 1;
				GENERATE_INFOPLIST_FILE = YES;
				INFOPLIST_FILE = SuperHeroes/Info.plist;
				INFOPLIST_KEY_UIApplicationSupportsIndirectInputEvents = YES;
				INFOPLIST_KEY_UILaunchStoryboardName = LaunchScreen;
				INFOPLIST_KEY_UIMainStoryboardFile = Main;
				INFOPLIST_KEY_UISupportedInterfaceOrientations_iPad = "UIInterfaceOrientationPortrait UIInterfaceOrientationPortraitUpsideDown UIInterfaceOrientationLandscapeLeft UIInterfaceOrientationLandscapeRight";
				INFOPLIST_KEY_UISupportedInterfaceOrientations_iPhone = "UIInterfaceOrientationPortrait UIInterfaceOrientationLandscapeLeft UIInterfaceOrientationLandscapeRight";
				LD_RUNPATH_SEARCH_PATHS = (
					"$(inherited)",
					"@executable_path/Frameworks",
				);
				MARKETING_VERSION = 1.0;
				PRODUCT_BUNDLE_IDENTIFIER = com.SuperHeroes.app;
				PRODUCT_NAME = "$(TARGET_NAME)";
				SWIFT_EMIT_LOC_STRINGS = YES;
				TARGETED_DEVICE_FAMILY = "1,2";
			};
			name = Release;
		};
/* End XCBuildConfiguration section */

/* Begin XCConfigurationList section */
		457A97BF27490A9F00FDCD52 /* Build configuration list for PBXProject "SuperHeroes" */ = {
			isa = XCConfigurationList;
			buildConfigurations = (
				457A97DB27490AA100FDCD52 /* Debug */,
				457A97DC27490AA100FDCD52 /* Release */,
			);
			defaultConfigurationIsVisible = 0;
			defaultConfigurationName = Release;
		};
		457A97DD27490AA100FDCD52 /* Build configuration list for PBXNativeTarget "SuperHeroes" */ = {
			isa = XCConfigurationList;
			buildConfigurations = (
				457A97DE27490AA100FDCD52 /* Debug */,
				457A97DF27490AA100FDCD52 /* Release */,
			);
			defaultConfigurationIsVisible = 0;
			defaultConfigurationName = Release;
		};
/* End XCConfigurationList section */
	};
	rootObject = 457A97BC27490A9F00FDCD52 /* Project object */;
}
